
Microsoft Visual Studio Solution File, Format Version 12.00
# Visual Studio Version 16
VisualStudioVersion = 16.0.30907.101
MinimumVisualStudioVersion = 10.0.40219.1
Project("{FAE04EC0-301F-11D3-BF4B-00C04F79EFBC}") = "DominicsPizza.Entities", "DominicsPizza.Entities\DominicsPizza.Entities.csproj", "{0EE1B13D-8FE2-4DB3-BF05-1C0905CB1D0A}"
EndProject
Project("{FAE04EC0-301F-11D3-BF4B-00C04F79EFBC}") = "DominicsPizza.Repositories", "DominicsPizza.Repositories\DominicsPizza.Repositories.csproj", "{7D72DF03-438C-456C-BB38-D9E2A8F3D19C}"
EndProject
Global
	GlobalSection(SolutionConfigurationPlatforms) = preSolution
		Debug|Any CPU = Debug|Any CPU
		Release|Any CPU = Release|Any CPU
	EndGlobalSection
	GlobalSection(ProjectConfigurationPlatforms) = postSolution
		{0EE1B13D-8FE2-4DB3-BF05-1C0905CB1D0A}.Debug|Any CPU.ActiveCfg = Debug|Any CPU
		{0EE1B13D-8FE2-4DB3-BF05-1C0905CB1D0A}.Debug|Any CPU.Build.0 = Debug|Any CPU
		{0EE1B13D-8FE2-4DB3-BF05-1C0905CB1D0A}.Release|Any CPU.ActiveCfg = Release|Any CPU
		{0EE1B13D-8FE2-4DB3-BF05-1C0905CB1D0A}.Release|Any CPU.Build.0 = Release|Any CPU
		{7D72DF03-438C-456C-BB38-D9E2A8F3D19C}.Debug|Any CPU.ActiveCfg = Debug|Any CPU
		{7D72DF03-438C-456C-BB38-D9E2A8F3D19C}.Debug|Any CPU.Build.0 = Debug|Any CPU
		{7D72DF03-438C-456C-BB38-D9E2A8F3D19C}.Release|Any CPU.ActiveCfg = Release|Any CPU
		{7D72DF03-438C-456C-BB38-D9E2A8F3D19C}.Release|Any CPU.Build.0 = Release|Any CPU
	EndGlobalSection
	GlobalSection(SolutionProperties) = preSolution
		HideSolutionNode = FALSE
	EndGlobalSection
	GlobalSection(ExtensibilityGlobals) = postSolution
		SolutionGuid = {D4B728AF-6D49-44BE-85D1-33699A2DE0A0}
	EndGlobalSection
EndGlobal
